// !$*UTF8*$!
{
	archiveVersion = 1;
	classes = {
	};
	objectVersion = 46;
	objects = {

/* Begin PBXBuildFile section */
		2E5E5E311CE06A690013605B /* AppDelegate.swift in Sources */ = {isa = PBXBuildFile; fileRef = 2E5E5E301CE06A690013605B /* AppDelegate.swift */; };
		2E5E5E331CE06A690013605B /* ViewController.swift in Sources */ = {isa = PBXBuildFile; fileRef = 2E5E5E321CE06A690013605B /* ViewController.swift */; };
		2E5E5E361CE06A690013605B /* Main.storyboard in Resources */ = {isa = PBXBuildFile; fileRef = 2E5E5E341CE06A690013605B /* Main.storyboard */; };
		2E5E5E381CE06A690013605B /* Assets.xcassets in Resources */ = {isa = PBXBuildFile; fileRef = 2E5E5E371CE06A690013605B /* Assets.xcassets */; };
		2E5E5E3B1CE06A690013605B /* LaunchScreen.storyboard in Resources */ = {isa = PBXBuildFile; fileRef = 2E5E5E391CE06A690013605B /* LaunchScreen.storyboard */; };
		2E5E5E451CE06A880013605B /* QXConsMaker.swift in Sources */ = {isa = PBXBuildFile; fileRef = 2E5E5E431CE06A880013605B /* QXConsMaker.swift */; };
		2E5E5E461CE06A880013605B /* QXConsMakerExt.swift in Sources */ = {isa = PBXBuildFile; fileRef = 2E5E5E441CE06A880013605B /* QXConsMakerExt.swift */; };
		2E5E5E481CE06AD60013605B /* BasicLayoutVc.swift in Sources */ = {isa = PBXBuildFile; fileRef = 2E5E5E471CE06AD60013605B /* BasicLayoutVc.swift */; };
		2E5E5E4A1CE06ADC0013605B /* LayoutChangeVc.swift in Sources */ = {isa = PBXBuildFile; fileRef = 2E5E5E491CE06ADC0013605B /* LayoutChangeVc.swift */; };
		2E5E5E4C1CE06AE30013605B /* RemakeLayoutVc.swift in Sources */ = {isa = PBXBuildFile; fileRef = 2E5E5E4B1CE06AE30013605B /* RemakeLayoutVc.swift */; };
		2E5E5E4E1CE06AE80013605B /* WrapLayoutVc.swift in Sources */ = {isa = PBXBuildFile; fileRef = 2E5E5E4D1CE06AE80013605B /* WrapLayoutVc.swift */; };
/* End PBXBuildFile section */

/* Begin PBXFileReference section */
		2E5E5E2D1CE06A690013605B /* QXConsMaker.app */ = {isa = PBXFileReference; explicitFileType = wrapper.application; includeInIndex = 0; path = QXConsMaker.app; sourceTree = BUILT_PRODUCTS_DIR; };
		2E5E5E301CE06A690013605B /* AppDelegate.swift */ = {isa = PBXFileReference; lastKnownFileType = sourcecode.swift; path = AppDelegate.swift; sourceTree = "<group>"; };
		2E5E5E321CE06A690013605B /* ViewController.swift */ = {isa = PBXFileReference; lastKnownFileType = sourcecode.swift; path = ViewController.swift; sourceTree = "<group>"; };
		2E5E5E351CE06A690013605B /* Base */ = {isa = PBXFileReference; lastKnownFileType = file.storyboard; name = Base; path = Base.lproj/Main.storyboard; sourceTree = "<group>"; };
		2E5E5E371CE06A690013605B /* Assets.xcassets */ = {isa = PBXFileReference; lastKnownFileType = folder.assetcatalog; path = Assets.xcassets; sourceTree = "<group>"; };
		2E5E5E3A1CE06A690013605B /* Base */ = {isa = PBXFileReference; lastKnownFileType = file.storyboard; name = Base; path = Base.lproj/LaunchScreen.storyboard; sourceTree = "<group>"; };
		2E5E5E3C1CE06A690013605B /* Info.plist */ = {isa = PBXFileReference; lastKnownFileType = text.plist.xml; path = Info.plist; sourceTree = "<group>"; };
		2E5E5E431CE06A880013605B /* QXConsMaker.swift */ = {isa = PBXFileReference; fileEncoding = 4; lastKnownFileType = sourcecode.swift; path = QXConsMaker.swift; sourceTree = "<group>"; };
		2E5E5E441CE06A880013605B /* QXConsMakerExt.swift */ = {isa = PBXFileReference; fileEncoding = 4; lastKnownFileType = sourcecode.swift; path = QXConsMakerExt.swift; sourceTree = "<group>"; };
		2E5E5E471CE06AD60013605B /* BasicLayoutVc.swift */ = {isa = PBXFileReference; fileEncoding = 4; lastKnownFileType = sourcecode.swift; path = BasicLayoutVc.swift; sourceTree = "<group>"; };
		2E5E5E491CE06ADC0013605B /* LayoutChangeVc.swift */ = {isa = PBXFileReference; fileEncoding = 4; lastKnownFileType = sourcecode.swift; path = LayoutChangeVc.swift; sourceTree = "<group>"; };
		2E5E5E4B1CE06AE30013605B /* RemakeLayoutVc.swift */ = {isa = PBXFileReference; fileEncoding = 4; lastKnownFileType = sourcecode.swift; path = RemakeLayoutVc.swift; sourceTree = "<group>"; };
		2E5E5E4D1CE06AE80013605B /* WrapLayoutVc.swift */ = {isa = PBXFileReference; fileEncoding = 4; lastKnownFileType = sourcecode.swift; path = WrapLayoutVc.swift; sourceTree = "<group>"; };
/* End PBXFileReference section */

/* Begin PBXFrameworksBuildPhase section */
		2E5E5E2A1CE06A690013605B /* Frameworks */ = {
			isa = PBXFrameworksBuildPhase;
			buildActionMask = 2147483647;
			files = (
			);
			runOnlyForDeploymentPostprocessing = 0;
		};
/* End PBXFrameworksBuildPhase section */

/* Begin PBXGroup section */
		2E5E5E241CE06A690013605B = {
			isa = PBXGroup;
			children = (
				2E5E5E2F1CE06A690013605B /* QXConsMaker */,
				2E5E5E2E1CE06A690013605B /* Products */,
			);
			sourceTree = "<group>";
		};
		2E5E5E2E1CE06A690013605B /* Products */ = {
			isa = PBXGroup;
			children = (
				2E5E5E2D1CE06A690013605B /* QXConsMaker.app */,
			);
			name = Products;
			sourceTree = "<group>";
		};
		2E5E5E2F1CE06A690013605B /* QXConsMaker */ = {
			isa = PBXGroup;
			children = (
				2E5E5E421CE06A880013605B /* QXConsMaker */,
				2E5E5E471CE06AD60013605B /* BasicLayoutVc.swift */,
				2E5E5E491CE06ADC0013605B /* LayoutChangeVc.swift */,
				2E5E5E4B1CE06AE30013605B /* RemakeLayoutVc.swift */,
				2E5E5E4D1CE06AE80013605B /* WrapLayoutVc.swift */,
				2E5E5E321CE06A690013605B /* ViewController.swift */,
				2E5E5E4F1CE06AEF0013605B /* other */,
			);
			path = QXConsMaker;
			sourceTree = "<group>";
		};
		2E5E5E421CE06A880013605B /* QXConsMaker */ = {
			isa = PBXGroup;
			children = (
				2E5E5E431CE06A880013605B /* QXConsMaker.swift */,
				2E5E5E441CE06A880013605B /* QXConsMakerExt.swift */,
			);
			path = QXConsMaker;
			sourceTree = "<group>";
		};
		2E5E5E4F1CE06AEF0013605B /* other */ = {
			isa = PBXGroup;
			children = (
				2E5E5E301CE06A690013605B /* AppDelegate.swift */,
				2E5E5E341CE06A690013605B /* Main.storyboard */,
				2E5E5E371CE06A690013605B /* Assets.xcassets */,
				2E5E5E391CE06A690013605B /* LaunchScreen.storyboard */,
				2E5E5E3C1CE06A690013605B /* Info.plist */,
			);
			name = other;
			sourceTree = "<group>";
		};
/* End PBXGroup section */

/* Begin PBXNativeTarget section */
		2E5E5E2C1CE06A690013605B /* QXConsMaker */ = {
			isa = PBXNativeTarget;
			buildConfigurationList = 2E5E5E3F1CE06A690013605B /* Build configuration list for PBXNativeTarget "QXConsMaker" */;
			buildPhases = (
				2E5E5E291CE06A690013605B /* Sources */,
				2E5E5E2A1CE06A690013605B /* Frameworks */,
				2E5E5E2B1CE06A690013605B /* Resources */,
			);
			buildRules = (
			);
			dependencies = (
			);
			name = QXConsMaker;
			productName = QXConsMaker;
			productReference = 2E5E5E2D1CE06A690013605B /* QXConsMaker.app */;
			productType = "com.apple.product-type.application";
		};
/* End PBXNativeTarget section */

/* Begin PBXProject section */
		2E5E5E251CE06A690013605B /* Project object */ = {
			isa = PBXProject;
			attributes = {
				LastSwiftUpdateCheck = 0730;
				LastUpgradeCheck = 0730;
				ORGANIZATIONNAME = labi3285_lab;
				TargetAttributes = {
					2E5E5E2C1CE06A690013605B = {
						CreatedOnToolsVersion = 7.3;
						DevelopmentTeam = 4S3D2DBDGU;
						LastSwiftMigration = 0830;
					};
				};
			};
			buildConfigurationList = 2E5E5E281CE06A690013605B /* Build configuration list for PBXProject "QXConsMaker" */;
			compatibilityVersion = "Xcode 3.2";
			developmentRegion = English;
			hasScannedForEncodings = 0;
			knownRegions = (
				en,
				Base,
			);
			mainGroup = 2E5E5E241CE06A690013605B;
			productRefGroup = 2E5E5E2E1CE06A690013605B /* Products */;
			projectDirPath = "";
			projectRoot = "";
			targets = (
				2E5E5E2C1CE06A690013605B /* QXConsMaker */,
			);
		};
/* End PBXProject section */

/* Begin PBXResourcesBuildPhase section */
		2E5E5E2B1CE06A690013605B /* Resources */ = {
			isa = PBXResourcesBuildPhase;
			buildActionMask = 2147483647;
			files = (
				2E5E5E3B1CE06A690013605B /* LaunchScreen.storyboard in Resources */,
				2E5E5E381CE06A690013605B /* Assets.xcassets in Resources */,
				2E5E5E361CE06A690013605B /* Main.storyboard in Resources */,
			);
			runOnlyForDeploymentPostprocessing = 0;
		};
/* End PBXResourcesBuildPhase section */

/* Begin PBXSourcesBuildPhase section */
		2E5E5E291CE06A690013605B /* Sources */ = {
			isa = PBXSourcesBuildPhase;
			buildActionMask = 2147483647;
			files = (
				2E5E5E4C1CE06AE30013605B /* RemakeLayoutVc.swift in Sources */,
				2E5E5E461CE06A880013605B /* QXConsMakerExt.swift in Sources */,
				2E5E5E331CE06A690013605B /* ViewController.swift in Sources */,
				2E5E5E451CE06A880013605B /* QXConsMaker.swift in Sources */,
				2E5E5E311CE06A690013605B /* AppDelegate.swift in Sources */,
				2E5E5E4A1CE06ADC0013605B /* LayoutChangeVc.swift in Sources */,
				2E5E5E4E1CE06AE80013605B /* WrapLayoutVc.swift in Sources */,
				2E5E5E481CE06AD60013605B /* BasicLayoutVc.swift in Sources */,
			);
			runOnlyForDeploymentPostprocessing = 0;
		};
/* End PBXSourcesBuildPhase section */

/* Begin PBXVariantGroup section */
		2E5E5E341CE06A690013605B /* Main.storyboard */ = {
			isa = PBXVariantGroup;
			children = (
				2E5E5E351CE06A690013605B /* Base */,
			);
			name = Main.storyboard;
			sourceTree = "<group>";
		};
		2E5E5E391CE06A690013605B /* LaunchScreen.storyboard */ = {
			isa = PBXVariantGroup;
			children = (
				2E5E5E3A1CE06A690013605B /* Base */,
			);
			name = LaunchScreen.storyboard;
			sourceTree = "<group>";
		};
/* End PBXVariantGroup section */

/* Begin XCBuildConfiguration section */
		2E5E5E3D1CE06A690013605B /* Debug */ = {
			isa = XCBuildConfiguration;
			buildSettings = {
				ALWAYS_SEARCH_USER_PATHS = NO;
				CLANG_ANALYZER_NONNULL = YES;
				CLANG_CXX_LANGUAGE_STANDARD = "gnu++0x";
				CLANG_CXX_LIBRARY = "libc++";
				CLANG_ENABLE_MODULES = YES;
				CLANG_ENABLE_OBJC_ARC = YES;
				CLANG_WARN_BOOL_CONVERSION = YES;
				CLANG_WARN_CONSTANT_CONVERSION = YES;
				CLANG_WARN_DIRECT_OBJC_ISA_USAGE = YES_ERROR;
				CLANG_WARN_EMPTY_BODY = YES;
				CLANG_WARN_ENUM_CONVERSION = YES;
				CLANG_WARN_INT_CONVERSION = YES;
				CLANG_WARN_OBJC_ROOT_CLASS = YES_ERROR;
				CLANG_WARN_UNREACHABLE_CODE = YES;
				CLANG_WARN__DUPLICATE_METHOD_MATCH = YES;
				"CODE_SIGN_IDENTITY[sdk=iphoneos*]" = "iPhone Developer";
				COPY_PHASE_STRIP = NO;
				DEBUG_INFORMATION_FORMAT = dwarf;
				ENABLE_STRICT_OBJC_MSGSEND = YES;
				ENABLE_TESTABILITY = YES;
				GCC_C_LANGUAGE_STANDARD = gnu99;
				GCC_DYNAMIC_NO_PIC = NO;
				GCC_NO_COMMON_BLOCKS = YES;
				GCC_OPTIMIZATION_LEVEL = 0;
				GCC_PREPROCESSOR_DEFINITIONS = (
					"DEBUG=1",
					"$(inherited)",
				);
				GCC_WARN_64_TO_32_BIT_CONVERSION = YES;
				GCC_WARN_ABOUT_RETURN_TYPE = YES_ERROR;
				GCC_WARN_UNDECLARED_SELECTOR = YES;
				GCC_WARN_UNINITIALIZED_AUTOS = YES_AGGRESSIVE;
				GCC_WARN_UNUSED_FUNCTION = YES;
				GCC_WARN_UNUSED_VARIABLE = YES;
				IPHONEOS_DEPLOYMENT_TARGET = 9.3;
				MTL_ENABLE_DEBUG_INFO = YES;
				ONLY_ACTIVE_ARCH = YES;
				SDKROOT = iphoneos;
				SWIFT_OPTIMIZATION_LEVEL = "-Onone";
				TARGETED_DEVICE_FAMILY = "1,2";
			};
			name = Debug;
		};
		2E5E5E3E1CE06A690013605B /* Release */ = {
			isa = XCBuildConfiguration;
			buildSettings = {
				ALWAYS_SEARCH_USER_PATHS = NO;
				CLANG_ANALYZER_NONNULL = YES;
				CLANG_CXX_LANGUAGE_STANDARD = "gnu++0x";
				CLANG_CXX_LIBRARY = "libc++";
				CLANG_ENABLE_MODULES = YES;
				CLANG_ENABLE_OBJC_ARC = YES;
				CLANG_WARN_BOOL_CONVERSION = YES;
				CLANG_WARN_CONSTANT_CONVERSION = YES;
				CLANG_WARN_DIRECT_OBJC_ISA_USAGE = YES_ERROR;
				CLANG_WARN_EMPTY_BODY = YES;
				CLANG_WARN_ENUM_CONVERSION = YES;
				CLANG_WARN_INT_CONVERSION = YES;
				CLANG_WARN_OBJC_ROOT_CLASS = YES_ERROR;
				CLANG_WARN_UNREACHABLE_CODE = YES;
				CLANG_WARN__DUPLICATE_METHOD_MATCH = YES;
				"CODE_SIGN_IDENTITY[sdk=iphoneos*]" = "iPhone Developer";
				COPY_PHASE_STRIP = NO;
				DEBUG_INFORMATION_FORMAT = "dwarf-with-dsym";
				ENABLE_NS_ASSERTIONS = NO;
				ENABLE_STRICT_OBJC_MSGSEND = YES;
				GCC_C_LANGUAGE_STANDARD = gnu99;
				GCC_NO_COMMON_BLOCKS = YES;
				GCC_WARN_64_TO_32_BIT_CONVERSION = YES;
				GCC_WARN_ABOUT_RETURN_TYPE = YES_ERROR;
				GCC_WARN_UNDECLARED_SELECTOR = YES;
				GCC_WARN_UNINITIALIZED_AUTOS = YES_AGGRESSIVE;
				GCC_WARN_UNUSED_FUNCTION = YES;
				GCC_WARN_UNUSED_VARIABLE = YES;
				IPHONEOS_DEPLOYMENT_TARGET = 9.3;
				MTL_ENABLE_DEBUG_INFO = NO;
				SDKROOT = iphoneos;
				TARGETED_DEVICE_FAMILY = "1,2";
				VALIDATE_PRODUCT = YES;
			};
			name = Release;
		};
		2E5E5E401CE06A690013605B /* Debug */ = {
			isa = XCBuildConfiguration;
			buildSettings = {
				ASSETCATALOG_COMPILER_APPICON_NAME = AppIcon;
				INFOPLIST_FILE = QXConsMaker/Info.plist;
				IPHONEOS_DEPLOYMENT_TARGET = 8.0;
				LD_RUNPATH_SEARCH_PATHS = "$(inherited) @executable_path/Frameworks";
				PRODUCT_BUNDLE_IDENTIFIER = "labi3285-lab.QXConsMaker";
				PRODUCT_NAME = "$(TARGET_NAME)";
				SWIFT_VERSION = 3.0;
			};
			name = Debug;
		};
		2E5E5E411CE06A690013605B /* Release */ = {
			isa = XCBuildConfiguration;
			buildSettings = {
				ASSETCATALOG_COMPILER_APPICON_NAME = AppIcon;
				INFOPLIST_FILE = QXConsMaker/Info.plist;
				IPHONEOS_DEPLOYMENT_TARGET = 8.0;
				LD_RUNPATH_SEARCH_PATHS = "$(inherited) @executable_path/Frameworks";
				PRODUCT_BUNDLE_IDENTIFIER = "labi3285-lab.QXConsMaker";
				PRODUCT_NAME = "$(TARGET_NAME)";
				SWIFT_VERSION = 3.0;
			};
			name = Release;
		};
/* End XCBuildConfiguration section */

/* Begin XCConfigurationList section */
		2E5E5E281CE06A690013605B /* Build configuration list for PBXProject "QXConsMaker" */ = {
			isa = XCConfigurationList;
			buildConfigurations = (
				2E5E5E3D1CE06A690013605B /* Debug */,
				2E5E5E3E1CE06A690013605B /* Release */,
			);
			defaultConfigurationIsVisible = 0;
			defaultConfigurationName = Release;
		};
		2E5E5E3F1CE06A690013605B /* Build configuration list for PBXNativeTarget "QXConsMaker" */ = {
			isa = XCConfigurationList;
			buildConfigurations = (
				2E5E5E401CE06A690013605B /* Debug */,
				2E5E5E411CE06A690013605B /* Release */,
			);
			defaultConfigurationIsVisible = 0;
			defaultConfigurationName = Release;
		};
/* End XCConfigurationList section */
	};
	rootObject = 2E5E5E251CE06A690013605B /* Project object */;
}
